// !$*UTF8*$!
{
	archiveVersion = 1;
	classes = {
	};
	objectVersion = 55;
	objects = {

/* Begin PBXBuildFile section */
		307C5F66272BDF000040E20A /* advertsApp.swift in Sources */ = {isa = PBXBuildFile; fileRef = 307C5F65272BDF000040E20A /* advertsApp.swift */; };
		307C5F68272BDF000040E20A /* ContentView.swift in Sources */ = {isa = PBXBuildFile; fileRef = 307C5F67272BDF000040E20A /* ContentView.swift */; };
		307C5F6A272BDF040040E20A /* Assets.xcassets in Resources */ = {isa = PBXBuildFile; fileRef = 307C5F69272BDF040040E20A /* Assets.xcassets */; };
		307C5F6D272BDF040040E20A /* Preview Assets.xcassets in Resources */ = {isa = PBXBuildFile; fileRef = 307C5F6C272BDF040040E20A /* Preview Assets.xcassets */; };
		307C5F74272BE1610040E20A /* menu.json in Resources */ = {isa = PBXBuildFile; fileRef = 307C5F73272BE1610040E20A /* menu.json */; };
		307C5F76272BE2A20040E20A /* Menu.swift in Sources */ = {isa = PBXBuildFile; fileRef = 307C5F75272BE2A20040E20A /* Menu.swift */; };
		307C5F78272BE38B0040E20A /* Helper.swift in Sources */ = {isa = PBXBuildFile; fileRef = 307C5F77272BE38B0040E20A /* Helper.swift */; };
		307C5F7A272BE64E0040E20A /* categories.json in Resources */ = {isa = PBXBuildFile; fileRef = 307C5F79272BE64E0040E20A /* categories.json */; };
		307C5F7E272BE6B30040E20A /* Categories.swift in Sources */ = {isa = PBXBuildFile; fileRef = 307C5F7D272BE6B30040E20A /* Categories.swift */; };
		307C5F80272BEBA40040E20A /* BlogPost.swift in Sources */ = {isa = PBXBuildFile; fileRef = 307C5F7F272BEBA40040E20A /* BlogPost.swift */; };
/* End PBXBuildFile section */

/* Begin PBXFileReference section */
		307C5F62272BDF000040E20A /* adverts.app */ = {isa = PBXFileReference; explicitFileType = wrapper.application; includeInIndex = 0; path = adverts.app; sourceTree = BUILT_PRODUCTS_DIR; };
		307C5F65272BDF000040E20A /* advertsApp.swift */ = {isa = PBXFileReference; lastKnownFileType = sourcecode.swift; path = advertsApp.swift; sourceTree = "<group>"; };
		307C5F67272BDF000040E20A /* ContentView.swift */ = {isa = PBXFileReference; lastKnownFileType = sourcecode.swift; path = ContentView.swift; sourceTree = "<group>"; };
		307C5F69272BDF040040E20A /* Assets.xcassets */ = {isa = PBXFileReference; lastKnownFileType = folder.assetcatalog; path = Assets.xcassets; sourceTree = "<group>"; };
		307C5F6C272BDF040040E20A /* Preview Assets.xcassets */ = {isa = PBXFileReference; lastKnownFileType = folder.assetcatalog; path = "Preview Assets.xcassets"; sourceTree = "<group>"; };
		307C5F73272BE1610040E20A /* menu.json */ = {isa = PBXFileReference; lastKnownFileType = text.json; path = menu.json; sourceTree = "<group>"; };
		307C5F75272BE2A20040E20A /* Menu.swift */ = {isa = PBXFileReference; lastKnownFileType = sourcecode.swift; path = Menu.swift; sourceTree = "<group>"; };
		307C5F77272BE38B0040E20A /* Helper.swift */ = {isa = PBXFileReference; lastKnownFileType = sourcecode.swift; path = Helper.swift; sourceTree = "<group>"; };
		307C5F79272BE64E0040E20A /* categories.json */ = {isa = PBXFileReference; lastKnownFileType = text.json; path = categories.json; sourceTree = "<group>"; };
		307C5F7D272BE6B30040E20A /* Categories.swift */ = {isa = PBXFileReference; lastKnownFileType = sourcecode.swift; path = Categories.swift; sourceTree = "<group>"; };
		307C5F7F272BEBA40040E20A /* BlogPost.swift */ = {isa = PBXFileReference; lastKnownFileType = sourcecode.swift; path = BlogPost.swift; sourceTree = "<group>"; };
/* End PBXFileReference section */

/* Begin PBXFrameworksBuildPhase section */
		307C5F5F272BDF000040E20A /* Frameworks */ = {
			isa = PBXFrameworksBuildPhase;
			buildActionMask = 2147483647;
			files = (
			);
			runOnlyForDeploymentPostprocessing = 0;
		};
/* End PBXFrameworksBuildPhase section */

/* Begin PBXGroup section */
		307C5F59272BDF000040E20A = {
			isa = PBXGroup;
			children = (
				307C5F64272BDF000040E20A /* adverts */,
				307C5F63272BDF000040E20A /* Products */,
			);
			sourceTree = "<group>";
		};
		307C5F63272BDF000040E20A /* Products */ = {
			isa = PBXGroup;
			children = (
				307C5F62272BDF000040E20A /* adverts.app */,
			);
			name = Products;
			sourceTree = "<group>";
		};
		307C5F64272BDF000040E20A /* adverts */ = {
			isa = PBXGroup;
			children = (
				307C5F65272BDF000040E20A /* advertsApp.swift */,
				307C5F67272BDF000040E20A /* ContentView.swift */,
				307C5F73272BE1610040E20A /* menu.json */,
				307C5F79272BE64E0040E20A /* categories.json */,
				307C5F75272BE2A20040E20A /* Menu.swift */,
				307C5F7D272BE6B30040E20A /* Categories.swift */,
				307C5F77272BE38B0040E20A /* Helper.swift */,
				307C5F7F272BEBA40040E20A /* BlogPost.swift */,
				307C5F69272BDF040040E20A /* Assets.xcassets */,
				307C5F6B272BDF040040E20A /* Preview Content */,
			);
			path = adverts;
			sourceTree = "<group>";
		};
		307C5F6B272BDF040040E20A /* Preview Content */ = {
			isa = PBXGroup;
			children = (
				307C5F6C272BDF040040E20A /* Preview Assets.xcassets */,
			);
			path = "Preview Content";
			sourceTree = "<group>";
		};
/* End PBXGroup section */

/* Begin PBXNativeTarget section */
		307C5F61272BDF000040E20A /* adverts */ = {
			isa = PBXNativeTarget;
			buildConfigurationList = 307C5F70272BDF040040E20A /* Build configuration list for PBXNativeTarget "adverts" */;
			buildPhases = (
				307C5F5E272BDF000040E20A /* Sources */,
				307C5F5F272BDF000040E20A /* Frameworks */,
				307C5F60272BDF000040E20A /* Resources */,
			);
			buildRules = (
			);
			dependencies = (
			);
			name = adverts;
			productName = adverts;
			productReference = 307C5F62272BDF000040E20A /* adverts.app */;
			productType = "com.apple.product-type.application";
		};
/* End PBXNativeTarget section */

/* Begin PBXProject section */
		307C5F5A272BDF000040E20A /* Project object */ = {
			isa = PBXProject;
			attributes = {
				BuildIndependentTargetsInParallel = 1;
				LastSwiftUpdateCheck = 1300;
				LastUpgradeCheck = 1300;
				TargetAttributes = {
					307C5F61272BDF000040E20A = {
						CreatedOnToolsVersion = 13.0;
					};
				};
			};
			buildConfigurationList = 307C5F5D272BDF000040E20A /* Build configuration list for PBXProject "adverts" */;
			compatibilityVersion = "Xcode 13.0";
			developmentRegion = en;
			hasScannedForEncodings = 0;
			knownRegions = (
				en,
				Base,
			);
			mainGroup = 307C5F59272BDF000040E20A;
			productRefGroup = 307C5F63272BDF000040E20A /* Products */;
			projectDirPath = "";
			projectRoot = "";
			targets = (
				307C5F61272BDF000040E20A /* adverts */,
			);
		};
/* End PBXProject section */

/* Begin PBXResourcesBuildPhase section */
		307C5F60272BDF000040E20A /* Resources */ = {
			isa = PBXResourcesBuildPhase;
			buildActionMask = 2147483647;
			files = (
				307C5F74272BE1610040E20A /* menu.json in Resources */,
				307C5F7A272BE64E0040E20A /* categories.json in Resources */,
				307C5F6D272BDF040040E20A /* Preview Assets.xcassets in Resources */,
				307C5F6A272BDF040040E20A /* Assets.xcassets in Resources */,
			);
			runOnlyForDeploymentPostprocessing = 0;
		};
/* End PBXResourcesBuildPhase section */

/* Begin PBXSourcesBuildPhase section */
		307C5F5E272BDF000040E20A /* Sources */ = {
			isa = PBXSourcesBuildPhase;
			buildActionMask = 2147483647;
			files = (
				307C5F76272BE2A20040E20A /* Menu.swift in Sources */,
				307C5F68272BDF000040E20A /* ContentView.swift in Sources */,
				307C5F66272BDF000040E20A /* advertsApp.swift in Sources */,
				307C5F80272BEBA40040E20A /* BlogPost.swift in Sources */,
				307C5F78272BE38B0040E20A /* Helper.swift in Sources */,
				307C5F7E272BE6B30040E20A /* Categories.swift in Sources */,
			);
			runOnlyForDeploymentPostprocessing = 0;
		};
/* End PBXSourcesBuildPhase section */

/* Begin XCBuildConfiguration section */
		307C5F6E272BDF040040E20A /* Debug */ = {
			isa = XCBuildConfiguration;
			buildSettings = {
				ALWAYS_SEARCH_USER_PATHS = NO;
				CLANG_ANALYZER_NONNULL = YES;
				CLANG_ANALYZER_NUMBER_OBJECT_CONVERSION = YES_AGGRESSIVE;
				CLANG_CXX_LANGUAGE_STANDARD = "gnu++17";
				CLANG_CXX_LIBRARY = "libc++";
				CLANG_ENABLE_MODULES = YES;
				CLANG_ENABLE_OBJC_ARC = YES;
				CLANG_ENABLE_OBJC_WEAK = YES;
				CLANG_WARN_BLOCK_CAPTURE_AUTORELEASING = YES;
				CLANG_WARN_BOOL_CONVERSION = YES;
				CLANG_WARN_COMMA = YES;
				CLANG_WARN_CONSTANT_CONVERSION = YES;
				CLANG_WARN_DEPRECATED_OBJC_IMPLEMENTATIONS = YES;
				CLANG_WARN_DIRECT_OBJC_ISA_USAGE = YES_ERROR;
				CLANG_WARN_DOCUMENTATION_COMMENTS = YES;
				CLANG_WARN_EMPTY_BODY = YES;
				CLANG_WARN_ENUM_CONVERSION = YES;
				CLANG_WARN_INFINITE_RECURSION = YES;
				CLANG_WARN_INT_CONVERSION = YES;
				CLANG_WARN_NON_LITERAL_NULL_CONVERSION = YES;
				CLANG_WARN_OBJC_IMPLICIT_RETAIN_SELF = YES;
				CLANG_WARN_OBJC_LITERAL_CONVERSION = YES;
				CLANG_WARN_OBJC_ROOT_CLASS = YES_ERROR;
				CLANG_WARN_QUOTED_INCLUDE_IN_FRAMEWORK_HEADER = YES;
				CLANG_WARN_RANGE_LOOP_ANALYSIS = YES;
				CLANG_WARN_STRICT_PROTOTYPES = YES;
				CLANG_WARN_SUSPICIOUS_MOVE = YES;
				CLANG_WARN_UNGUARDED_AVAILABILITY = YES_AGGRESSIVE;
				CLANG_WARN_UNREACHABLE_CODE = YES;
				CLANG_WARN__DUPLICATE_METHOD_MATCH = YES;
				COPY_PHASE_STRIP = NO;
				DEBUG_INFORMATION_FORMAT = dwarf;
				ENABLE_STRICT_OBJC_MSGSEND = YES;
				ENABLE_TESTABILITY = YES;
				GCC_C_LANGUAGE_STANDARD = gnu11;
				GCC_DYNAMIC_NO_PIC = NO;
				GCC_NO_COMMON_BLOCKS = YES;
				GCC_OPTIMIZATION_LEVEL = 0;
				GCC_PREPROCESSOR_DEFINITIONS = (
					"DEBUG=1",
					"$(inherited)",
				);
				GCC_WARN_64_TO_32_BIT_CONVERSION = YES;
				GCC_WARN_ABOUT_RETURN_TYPE = YES_ERROR;
				GCC_WARN_UNDECLARED_SELECTOR = YES;
				GCC_WARN_UNINITIALIZED_AUTOS = YES_AGGRESSIVE;
				GCC_WARN_UNUSED_FUNCTION = YES;
				GCC_WARN_UNUSED_VARIABLE = YES;
				IPHONEOS_DEPLOYMENT_TARGET = 15.0;
				MTL_ENABLE_DEBUG_INFO = INCLUDE_SOURCE;
				MTL_FAST_MATH = YES;
				ONLY_ACTIVE_ARCH = YES;
				SDKROOT = iphoneos;
				SWIFT_ACTIVE_COMPILATION_CONDITIONS = DEBUG;
				SWIFT_OPTIMIZATION_LEVEL = "-Onone";
			};
			name = Debug;
		};
		307C5F6F272BDF040040E20A /* Release */ = {
			isa = XCBuildConfiguration;
			buildSettings = {
				ALWAYS_SEARCH_USER_PATHS = NO;
				CLANG_ANALYZER_NONNULL = YES;
				CLANG_ANALYZER_NUMBER_OBJECT_CONVERSION = YES_AGGRESSIVE;
				CLANG_CXX_LANGUAGE_STANDARD = "gnu++17";
				CLANG_CXX_LIBRARY = "libc++";
				CLANG_ENABLE_MODULES = YES;
				CLANG_ENABLE_OBJC_ARC = YES;
				CLANG_ENABLE_OBJC_WEAK = YES;
				CLANG_WARN_BLOCK_CAPTURE_AUTORELEASING = YES;
				CLANG_WARN_BOOL_CONVERSION = YES;
				CLANG_WARN_COMMA = YES;
				CLANG_WARN_CONSTANT_CONVERSION = YES;
				CLANG_WARN_DEPRECATED_OBJC_IMPLEMENTATIONS = YES;
				CLANG_WARN_DIRECT_OBJC_ISA_USAGE = YES_ERROR;
				CLANG_WARN_DOCUMENTATION_COMMENTS = YES;
				CLANG_WARN_EMPTY_BODY = YES;
				CLANG_WARN_ENUM_CONVERSION = YES;
				CLANG_WARN_INFINITE_RECURSION = YES;
				CLANG_WARN_INT_CONVERSION = YES;
				CLANG_WARN_NON_LITERAL_NULL_CONVERSION = YES;
				CLANG_WARN_OBJC_IMPLICIT_RETAIN_SELF = YES;
				CLANG_WARN_OBJC_LITERAL_CONVERSION = YES;
				CLANG_WARN_OBJC_ROOT_CLASS = YES_ERROR;
				CLANG_WARN_QUOTED_INCLUDE_IN_FRAMEWORK_HEADER = YES;
				CLANG_WARN_RANGE_LOOP_ANALYSIS = YES;
				CLANG_WARN_STRICT_PROTOTYPES = YES;
				CLANG_WARN_SUSPICIOUS_MOVE = YES;
				CLANG_WARN_UNGUARDED_AVAILABILITY = YES_AGGRESSIVE;
				CLANG_WARN_UNREACHABLE_CODE = YES;
				CLANG_WARN__DUPLICATE_METHOD_MATCH = YES;
				COPY_PHASE_STRIP = NO;
				DEBUG_INFORMATION_FORMAT = "dwarf-with-dsym";
				ENABLE_NS_ASSERTIONS = NO;
				ENABLE_STRICT_OBJC_MSGSEND = YES;
				GCC_C_LANGUAGE_STANDARD = gnu11;
				GCC_NO_COMMON_BLOCKS = YES;
				GCC_WARN_64_TO_32_BIT_CONVERSION = YES;
				GCC_WARN_ABOUT_RETURN_TYPE = YES_ERROR;
				GCC_WARN_UNDECLARED_SELECTOR = YES;
				GCC_WARN_UNINITIALIZED_AUTOS = YES_AGGRESSIVE;
				GCC_WARN_UNUSED_FUNCTION = YES;
				GCC_WARN_UNUSED_VARIABLE = YES;
				IPHONEOS_DEPLOYMENT_TARGET = 15.0;
				MTL_ENABLE_DEBUG_INFO = NO;
				MTL_FAST_MATH = YES;
				SDKROOT = iphoneos;
				SWIFT_COMPILATION_MODE = wholemodule;
				SWIFT_OPTIMIZATION_LEVEL = "-O";
				VALIDATE_PRODUCT = YES;
			};
			name = Release;
		};
		307C5F71272BDF040040E20A /* Debug */ = {
			isa = XCBuildConfiguration;
			buildSettings = {
				ASSETCATALOG_COMPILER_APPICON_NAME = AppIcon;
				ASSETCATALOG_COMPILER_GLOBAL_ACCENT_COLOR_NAME = AccentColor;
				CODE_SIGN_STYLE = Automatic;
				CURRENT_PROJECT_VERSION = 1;
				DEVELOPMENT_ASSET_PATHS = "\"adverts/Preview Content\"";
				ENABLE_PREVIEWS = YES;
				GENERATE_INFOPLIST_FILE = YES;
				INFOPLIST_KEY_UIApplicationSceneManifest_Generation = YES;
				INFOPLIST_KEY_UIApplicationSupportsIndirectInputEvents = YES;
				INFOPLIST_KEY_UILaunchScreen_Generation = YES;
				INFOPLIST_KEY_UISupportedInterfaceOrientations_iPad = "UIInterfaceOrientationPortrait UIInterfaceOrientationPortraitUpsideDown UIInterfaceOrientationLandscapeLeft UIInterfaceOrientationLandscapeRight";
				INFOPLIST_KEY_UISupportedInterfaceOrientations_iPhone = "UIInterfaceOrientationPortrait UIInterfaceOrientationLandscapeLeft UIInterfaceOrientationLandscapeRight";
				IPHONEOS_DEPLOYMENT_TARGET = 14.0;
				LD_RUNPATH_SEARCH_PATHS = (
					"$(inherited)",
					"@executable_path/Frameworks",
				);
				MARKETING_VERSION = 1.0;
				PRODUCT_BUNDLE_IDENTIFIER = com.francislainy.adverts;
				PRODUCT_NAME = "$(TARGET_NAME)";
				SWIFT_EMIT_LOC_STRINGS = YES;
				SWIFT_VERSION = 5.0;
				TARGETED_DEVICE_FAMILY = "1,2";
			};
			name = Debug;
		};
		307C5F72272BDF040040E20A /* Release */ = {
			isa = XCBuildConfiguration;
			buildSettings = {
				ASSETCATALOG_COMPILER_APPICON_NAME = AppIcon;
				ASSETCATALOG_COMPILER_GLOBAL_ACCENT_COLOR_NAME = AccentColor;
				CODE_SIGN_STYLE = Automatic;
				CURRENT_PROJECT_VERSION = 1;
				DEVELOPMENT_ASSET_PATHS = "\"adverts/Preview Content\"";
				ENABLE_PREVIEWS = YES;
				GENERATE_INFOPLIST_FILE = YES;
				INFOPLIST_KEY_UIApplicationSceneManifest_Generation = YES;
				INFOPLIST_KEY_UIApplicationSupportsIndirectInputEvents = YES;
				INFOPLIST_KEY_UILaunchScreen_Generation = YES;
				INFOPLIST_KEY_UISupportedInterfaceOrientations_iPad = "UIInterfaceOrientationPortrait UIInterfaceOrientationPortraitUpsideDown UIInterfaceOrientationLandscapeLeft UIInterfaceOrientationLandscapeRight";
				INFOPLIST_KEY_UISupportedInterfaceOrientations_iPhone = "UIInterfaceOrientationPortrait UIInterfaceOrientationLandscapeLeft UIInterfaceOrientationLandscapeRight";
				IPHONEOS_DEPLOYMENT_TARGET = 14.0;
				LD_RUNPATH_SEARCH_PATHS = (
					"$(inherited)",
					"@executable_path/Frameworks",
				);
				MARKETING_VERSION = 1.0;
				PRODUCT_BUNDLE_IDENTIFIER = com.francislainy.adverts;
				PRODUCT_NAME = "$(TARGET_NAME)";
				SWIFT_EMIT_LOC_STRINGS = YES;
				SWIFT_VERSION = 5.0;
				TARGETED_DEVICE_FAMILY = "1,2";
			};
			name = Release;
		};
/* End XCBuildConfiguration section */

/* Begin XCConfigurationList section */
		307C5F5D272BDF000040E20A /* Build configuration list for PBXProject "adverts" */ = {
			isa = XCConfigurationList;
			buildConfigurations = (
				307C5F6E272BDF040040E20A /* Debug */,
				307C5F6F272BDF040040E20A /* Release */,
			);
			defaultConfigurationIsVisible = 0;
			defaultConfigurationName = Release;
		};
		307C5F70272BDF040040E20A /* Build configuration list for PBXNativeTarget "adverts" */ = {
			isa = XCConfigurationList;
			buildConfigurations = (
				307C5F71272BDF040040E20A /* Debug */,
				307C5F72272BDF040040E20A /* Release */,
			);
			defaultConfigurationIsVisible = 0;
			defaultConfigurationName = Release;
		};
/* End XCConfigurationList section */
	};
	rootObject = 307C5F5A272BDF000040E20A /* Project object */;
}
